
Microsoft Visual Studio Solution File, Format Version 12.00
# Visual Studio 15
VisualStudioVersion = 15.0.28307.1022
MinimumVisualStudioVersion = 10.0.40219.1
Project("{FAE04EC0-301F-11D3-BF4B-00C04F79EFBC}") = "musicPlayer01", "musicPlayer01\musicPlayer01.csproj", "{2C91AB73-59BA-4655-8B49-6500E207A0BF}"
EndProject
Global
	GlobalSection(SolutionConfigurationPlatforms) = preSolution
		Debug|Any CPU = Debug|Any CPU
		Release|Any CPU = Release|Any CPU
	EndGlobalSection
	GlobalSection(ProjectConfigurationPlatforms) = postSolution
		{2C91AB73-59BA-4655-8B49-6500E207A0BF}.Debug|Any CPU.ActiveCfg = Debug|Any CPU
		{2C91AB73-59BA-4655-8B49-6500E207A0BF}.Debug|Any CPU.Build.0 = Debug|Any CPU
		{2C91AB73-59BA-4655-8B49-6500E207A0BF}.Release|Any CPU.ActiveCfg = Release|Any CPU
		{2C91AB73-59BA-4655-8B49-6500E207A0BF}.Release|Any CPU.Build.0 = Release|Any CPU
	EndGlobalSection
	GlobalSection(SolutionProperties) = preSolution
		HideSolutionNode = FALSE
	EndGlobalSection
	GlobalSection(ExtensibilityGlobals) = postSolution
		SolutionGuid = {CDAB661A-6AAD-4372-9038-DCC1E00C7FBD}
	EndGlobalSection
EndGlobal
